# This file is automatically @generated by Cargo.
# It is not intended for manual editing.
version = 4

[[package]]
name = "ahash"
version = "0.7.8"
source = "registry+https://github.com/rust-lang/crates.io-index"
checksum = "891477e0c6a8957309ee5c45a6368af3ae14bb510732d2684ffa19af310920f9"
dependencies = [
 "getrandom 0.2.17",
 "once_cell",
 "version_check",
]

[[package]]
name = "anyhow"
version = "1.0.104"
source = "registry+https://github.com/rust-lang/crates.io-index"
checksum = "330a5ed07fa54e4702c9d6c4174f74427fc0ef6e214bbd677ae50a5099946470"

[[package]]
name = "arrayvec"
version = "0.7.8"
source = "registry+https://github.com/rust-lang/crates.io-index"
checksum = "d3fb67a6e08acf24fdeccbac2cb6ac4305825bd1f117462e0e6f2f193345ad56"

[[package]]
name = "autocfg"
version = "1.5.1"
source = "registry+https://github.com/rust-lang/crates.io-index"
checksum = "f2032f911046de80f0a198e0901378627c33f59ea0ac00e363d481118bd70a53"

[[package]]
name = "bincode"
version = "1.3.3"
source = "registry+https://github.com/rust-lang/crates.io-index"
checksum = "b1f45e9417d87227c7a56d22e471c6206462cba514c7590c09aff4cf6d1ddcad"
dependencies = [
 "serde",
]

[[package]]
name = "bitvec"
version = "1.1.1"
source = "registry+https://github.com/rust-lang/crates.io-index"
checksum = "ddcec3d12c579d40898fe0a9a358a803c23e9c52ca3c425707f81c9436211837"
dependencies = [
 "funty",
 "radium",
 "tap",
 "wyz",
]

[[package]]
name = "borsh"
version = "1.8.0"
source = "registry+https://github.com/rust-lang/crates.io-index"
checksum = "a88b7ea17d208c4193f2c1e6de3c35fe71f98c96982d5ced308bdcc749ff6e1f"
dependencies = [
 "borsh-derive",
 "bytes",
 "cfg_aliases",
]

[[package]]
name = "borsh-derive"
version = "1.8.0"
source = "registry+https://github.com/rust-lang/crates.io-index"
checksum = "d8f347189c62a579b8cd5f80714efa178f52e461dc2e6d701d264f5ff22e566c"
dependencies = [
 "once_cell",
 "proc-macro-crate",
 "proc-macro2",
 "quote",
 "syn 2.0.119",
]

[[package]]
name = "bumpalo"
version = "3.20.3"
source = "registry+https://github.com/rust-lang/crates.io-index"
checksum = "72f5acc6cb2ba439de613abc23857ec3d78374d8ed5ac84e9d11336e87da8649"

[[package]]
name = "bytecheck"
version = "0.6.12"
source = "registry+https://github.com/rust-lang/crates.io-index"
checksum = "23cdc57ce23ac53c931e88a43d06d070a6fd142f2617be5855eb75efc9beb1c2"
dependencies = [
 "bytecheck_derive",
 "ptr_meta",
 "simdutf8",
]

[[package]]
name = "bytecheck_derive"
version = "0.6.12"
source = "registry+https://github.com/rust-lang/crates.io-index"
checksum = "3db406d29fbcd95542e92559bed4d8ad92636d1ca8b3b72ede10b4bcc010e659"
dependencies = [
 "proc-macro2",
 "quote",
 "syn 1.0.109",
]

[[package]]
name = "bytes"
version = "1.12.1"
source = "registry+https://github.com/rust-lang/crates.io-index"
checksum = "fc652a48c352aef3ea3aed32080501cf3ef6ed5da78602a020c991775b0aff04"

[[package]]
name = "cfg-if"
version = "1.0.4"
source = "registry+https://github.com/rust-lang/crates.io-index"
checksum = "9330f8b2ff13f34540b44e946ef35111825727b38d33286ef986142615121801"

[[package]]
name = "cfg_aliases"
version = "0.2.2"
source = "registry+https://github.com/rust-lang/crates.io-index"
checksum = "f079e83a288787bcd14a6aea84cee5c87a67c5a3e660c30f557a3d24761b3527"

[[package]]
name = "chacha20"
version = "0.10.1"
source = "registry+https://github.com/rust-lang/crates.io-index"
checksum = "d524456ba66e72eb8b115ff89e01e497f8e6d11d78b70b1aa13c0fbd97540a81"
dependencies = [
 "cfg-if",
 "cpufeatures",
 "rand_core 0.10.1",
]

[[package]]
name = "chart-js-rs"
version = "0.1.8"
dependencies = [
 "erased-serde",
 "gloo-console",
 "gloo-utils 0.3.0",
 "heck",
 "itertools",
 "js-sys",
 "proc-macro2",
 "quote",
 "rust_decimal",
 "serde",
 "serde-wasm-bindgen",
 "serde_json",
 "syn 3.0.3",
 "uuid",
 "wasm-bindgen",
 "wasm-bindgen-futures",
 "web-sys",
 "worxide",
]

[[package]]
name = "chart-js-rs-example"
version = "0.1.2"
dependencies = [
 "chart-js-rs",
 "console_error_panic_hook",
 "dominator",
 "futures-signals",
 "getrandom 0.2.17",
 "gloo",
 "itertools",
 "js-sys",
 "rand 0.10.2",
 "serde_json",
 "wasm-bindgen",
 "wasm-bindgen-futures",
 "web-sys",
]

[[package]]
name = "console_error_panic_hook"
version = "0.1.7"
source = "registry+https://github.com/rust-lang/crates.io-index"
checksum = "a06aeb73f470f66dcdbf7223caeebb85984942f22f1adb2a088cf9668146bbbc"
dependencies = [
 "cfg-if",
 "wasm-bindgen",
]

[[package]]
name = "cpufeatures"
version = "0.3.0"
source = "registry+https://github.com/rust-lang/crates.io-index"
checksum = "8b2a41393f66f16b0823bb79094d54ac5fbd34ab292ddafb9a0456ac9f87d201"
dependencies = [
 "libc",
]

[[package]]
name = "discard"
version = "1.0.4"
source = "registry+https://github.com/rust-lang/crates.io-index"
checksum = "212d0f5754cb6769937f4501cc0e67f4f4483c8d2c3e1e922ee9edbe4ab4c7c0"

[[package]]
name = "dominator"
version = "0.5.38"
source = "registry+https://github.com/rust-lang/crates.io-index"
checksum = "40348e50c3b38c0d76bc116e7e02eb98ef5dd3536d79d9411acb07663f10ec9d"
dependencies = [
 "discard",
 "futures-channel",
 "futures-signals",
 "futures-util",
 "gloo-events 0.1.2",
 "js-sys",
 "once_cell",
 "pin-project",
 "wasm-bindgen",
 "wasm-bindgen-futures",
 "web-sys",
]

[[package]]
name = "either"
version = "1.17.0"
source = "registry+https://github.com/rust-lang/crates.io-index"
checksum = "9e5e8f6c15a24b9a3ee5efec809ccd006d3b30e8b3bb63c39af737c7f87daa1d"

[[package]]
name = "equivalent"
version = "1.0.2"
source = "registry+https://github.com/rust-lang/crates.io-index"
checksum = "877a4ace8713b0bcf2a4e7eec82529c029f1d0619886d18145fea96c3ffe5c0f"

[[package]]
name = "erased-serde"
version = "0.4.10"
source = "registry+https://github.com/rust-lang/crates.io-index"
checksum = "d2add8a07dd6a8d93ff627029c51de145e12686fbc36ecb298ac22e74cf02dec"
dependencies = [
 "serde",
 "serde_core",
 "typeid",
]

[[package]]
name = "form_urlencoded"
version = "1.2.2"
source = "registry+https://github.com/rust-lang/crates.io-index"
checksum = "cb4cb245038516f5f85277875cdaa4f7d2c9a0fa0468de06ed190163b1581fcf"
dependencies = [
 "percent-encoding",
]

[[package]]
name = "funty"
version = "2.0.0"
source = "registry+https://github.com/rust-lang/crates.io-index"
checksum = "e6d5a32815ae3f33302d95fdcb2ce17862f8c65363dcfd29360480ba1001fc9c"

[[package]]
name = "futures"
version = "0.3.33"
source = "registry+https://github.com/rust-lang/crates.io-index"
checksum = "a88cf1f829d945f548cf8fec32c61b1f202b6d93b45848602fc02af4b12ad218"
dependencies = [
 "futures-channel",
 "futures-core",
 "futures-io",
 "futures-sink",
 "futures-task",
 "futures-util",
]

[[package]]
name = "futures-channel"
version = "0.3.33"
source = "registry+https://github.com/rust-lang/crates.io-index"
checksum = "262590f4fe6afeb0bc83be1daa64e52657fe185690a958af7f3ad0e92085c5ae"
dependencies = [
 "futures-core",
 "futures-sink",
]

[[package]]
name = "futures-core"
version = "0.3.33"
source = "registry+https://github.com/rust-lang/crates.io-index"
checksum = "2cd50c473c80f6d7c3670a752354b8e569b1a7cbfdc0419ec88e5edad85e0dc7"

[[package]]
name = "futures-io"
version = "0.3.33"
source = "registry+https://github.com/rust-lang/crates.io-index"
checksum = "4577ecaa3c4f96589d473f679a71b596316f6641bc350038b962a5daf0085d7a"

[[package]]
name = "futures-macro"
version = "0.3.33"
source = "registry+https://github.com/rust-lang/crates.io-index"
checksum = "2d6d3cde68c518367be28956066ddfef33813991b77a55005a69dae04bf3b10b"
dependencies = [
 "proc-macro2",
 "quote",
 "syn 2.0.119",
]

[[package]]
name = "futures-signals"
version = "0.3.34"
source = "registry+https://github.com/rust-lang/crates.io-index"
checksum = "70abe9c40a0dccd69bf7c59ba58714ebeb6c15a88143a10c6be7130e895f1696"
dependencies = [
 "discard",
 "futures-channel",
 "futures-core",
 "futures-util",
 "gensym",
 "log",
 "pin-project",
 "serde",
]

[[package]]
name = "futures-sink"
version = "0.3.33"
source = "registry+https://github.com/rust-lang/crates.io-index"
checksum = "e34418ac499d6305c2fb5ad0ed2f6ac998c5f8ca209b4510f7f94242c647e307"

[[package]]
name = "futures-task"
version = "0.3.33"
source = "registry+https://github.com/rust-lang/crates.io-index"
checksum = "b231ed28831efb4a61a08580c4bc233ec56bc009f4cd8f52da2c3cb97df0c109"

[[package]]
name = "futures-util"
version = "0.3.33"
source = "registry+https://github.com/rust-lang/crates.io-index"
checksum = "a77a90a256fce34da66415271e30f94ee91c57b04b8a2c042d9cf3220179deaa"
dependencies = [
 "futures-channel",
 "futures-core",
 "futures-io",
 "futures-macro",
 "futures-sink",
 "futures-task",
 "memchr",
 "pin-project-lite",
 "slab",
]

[[package]]
name = "gensym"
version = "0.1.1"
source = "registry+https://github.com/rust-lang/crates.io-index"
checksum = "913dce4c5f06c2ea40fc178c06f777ac89fc6b1383e90c254fafb1abe4ba3c82"
dependencies = [
 "proc-macro2",
 "quote",
 "syn 2.0.119",
 "uuid",
]

[[package]]
name = "getrandom"
version = "0.2.17"
source = "registry+https://github.com/rust-lang/crates.io-index"
checksum = "ff2abc00be7fca6ebc474524697ae276ad847ad0a6b3faa4bcb027e9a4614ad0"
dependencies = [
 "cfg-if",
 "js-sys",
 "libc",
 "wasi",
 "wasm-bindgen",
]

[[package]]
name = "getrandom"
version = "0.4.3"
source = "registry+https://github.com/rust-lang/crates.io-index"
checksum = "300e883d756b2e4ec94e02791f39b04b522276138852cfc41d9fb7e904106099"
dependencies = [
 "cfg-if",
 "libc",
 "r-efi",
]

[[package]]
name = "gloo"
version = "0.12.0"
source = "registry+https://github.com/rust-lang/crates.io-index"
checksum = "dc13cc21c3835347855fd83900414d94716adc1e332f09f7fba56f21be127214"
dependencies = [
 "gloo-console",
 "gloo-dialogs",
 "gloo-events 0.3.0",
 "gloo-file",
 "gloo-history",
 "gloo-net",
 "gloo-render",
 "gloo-storage",
 "gloo-timers",
 "gloo-utils 0.3.0",
 "gloo-worker",
]

[[package]]
name = "gloo-console"
version = "0.4.0"
source = "registry+https://github.com/rust-lang/crates.io-index"
checksum = "9f1d5cec0b97edb53f21221f799c659cef3764ad5a00eca52950eb9b902028ba"
dependencies = [
 "gloo-utils 0.3.0",
 "js-sys",
 "serde",
 "wasm-bindgen",
 "web-sys",
]

[[package]]
name = "gloo-dialogs"
version = "0.3.0"
source = "registry+https://github.com/rust-lang/crates.io-index"
checksum = "45618929b7022bb49903b958b5b7af1d4fb58fbd99712926d91641fe582f3d55"
dependencies = [
 "wasm-bindgen",
 "web-sys",
]

[[package]]
name = "gloo-events"
version = "0.1.2"
source = "registry+https://github.com/rust-lang/crates.io-index"
checksum = "68b107f8abed8105e4182de63845afcc7b69c098b7852a813ea7462a320992fc"
dependencies = [
 "wasm-bindgen",
 "web-sys",
]

[[package]]
name = "gloo-events"
version = "0.3.0"
source = "registry+https://github.com/rust-lang/crates.io-index"
checksum = "8c6a94fa8cd88bea0babf8a27fe9abbcdece831fd1c3c84dd5c231fab4685ec7"
dependencies = [
 "wasm-bindgen",
 "web-sys",
]

[[package]]
name = "gloo-file"
version = "0.4.0"
source = "registry+https://github.com/rust-lang/crates.io-index"
checksum = "544a15ff6a3d5976bebc97380c8471ae14283bc71f4bb198d6c8cae64f411ab7"
dependencies = [
 "gloo-events 0.3.0",
 "js-sys",
 "wasm-bindgen",
 "web-sys",
]

[[package]]
name = "gloo-history"
version = "0.3.0"
source = "registry+https://github.com/rust-lang/crates.io-index"
checksum = "f07f3d446931414cc92f4a1b6e631dfa233db2f96c887d5f72beeecd1b5db39c"
dependencies = [
 "getrandom 0.2.17",
 "gloo-events 0.3.0",
 "gloo-utils 0.3.0",
 "serde",
 "serde-wasm-bindgen",
 "serde_urlencoded",
 "thiserror 2.0.20",
 "wasm-bindgen",
 "web-sys",
]

[[package]]
name = "gloo-net"
version = "0.7.0"
source = "registry+https://github.com/rust-lang/crates.io-index"
checksum = "a6420f887c48417e9e86c6cf61274eb231830cccc100e49613f7952e269a1fe1"
dependencies = [
 "futures-channel",
 "futures-core",
 "futures-sink",
 "gloo-utils 0.3.0",
 "http",
 "js-sys",
 "pin-project",
 "serde",
 "serde_json",
 "thiserror 2.0.20",
 "wasm-bindgen",
 "wasm-bindgen-futures",
 "web-sys",
]

[[package]]
name = "gloo-render"
version = "0.3.0"
source = "registry+https://github.com/rust-lang/crates.io-index"
checksum = "3f609333b9e38e43e74224410d6616e3ad773ed6fe14f53cd8a006d1bb25e108"
dependencies = [
 "wasm-bindgen",
 "web-sys",
]

[[package]]
name = "gloo-storage"
version = "0.4.0"
source = "registry+https://github.com/rust-lang/crates.io-index"
checksum = "e82ce7d41c6d821640a43726f6ff33c924795cc151b62e5a84d0c988c151c980"
dependencies = [
 "gloo-utils 0.3.0",
 "js-sys",
 "serde",
 "serde_json",
 "thiserror 2.0.20",
 "wasm-bindgen",
 "web-sys",
]

[[package]]
name = "gloo-timers"
version = "0.4.0"
source = "registry+https://github.com/rust-lang/crates.io-index"
checksum = "482ce8a491a501da4cd806bd190275363d674f2845005c6ddbd5d3e1dd54495d"
dependencies = [
 "js-sys",
 "wasm-bindgen",
]

[[package]]
name = "gloo-utils"
version = "0.2.0"
source = "registry+https://github.com/rust-lang/crates.io-index"
checksum = "0b5555354113b18c547c1d3a98fbf7fb32a9ff4f6fa112ce823a21641a0ba3aa"
dependencies = [
 "js-sys",
 "serde",
 "serde_json",
 "wasm-bindgen",
 "web-sys",
]

[[package]]
name = "gloo-utils"
version = "0.3.0"
source = "registry+https://github.com/rust-lang/crates.io-index"
checksum = "4202275d95a142fa209a1e35e91c250a710c5600731372cd3464a39ed01573d6"
dependencies = [
 "js-sys",
 "serde",
 "serde_json",
 "wasm-bindgen",
 "web-sys",
]

[[package]]
name = "gloo-worker"
version = "0.6.0"
source = "registry+https://github.com/rust-lang/crates.io-index"
checksum = "142478655c5d764e5168d3019510ea0c0885687a72ba74e90548bd74ae160a41"
dependencies = [
 "bincode",
 "futures",
 "gloo-utils 0.2.0",
 "gloo-worker-macros",
 "js-sys",
 "pinned",
 "serde",
 "thiserror 2.0.20",
 "wasm-bindgen",
 "wasm-bindgen-futures",
 "web-sys",
]

[[package]]
name = "gloo-worker-macros"
version = "0.2.0"
source = "registry+https://github.com/rust-lang/crates.io-index"
checksum = "f3bf5ede96b06406bd74351a026f708ae196b7dc262077aee56e6ad7223e7466"
dependencies = [
 "proc-macro-crate",
 "proc-macro2",
 "quote",
 "syn 2.0.119",
]

[[package]]
name = "hashbrown"
version = "0.12.3"
source = "registry+https://github.com/rust-lang/crates.io-index"
checksum = "8a9ee70c43aaf417c914396645a0fa852624801b24ebb7ae78fe8272889ac888"
dependencies = [
 "ahash",
]

[[package]]
name = "hashbrown"
version = "0.17.1"
source = "registry+https://github.com/rust-lang/crates.io-index"
checksum = "ed5909b6e89a2db4456e54cd5f673791d7eca6732202bbf2a9cc504fe2f9b84a"

[[package]]
name = "heck"
version = "0.5.0"
source = "registry+https://github.com/rust-lang/crates.io-index"
checksum = "2304e00983f87ffb38b55b444b5e3b60a884b5d30c0fca7d82fe33449bbe55ea"

[[package]]
name = "http"
version = "1.5.0"
source = "registry+https://github.com/rust-lang/crates.io-index"
checksum = "918d3568bebf352712bc2ef3d46a8bcf1a75b373be6539de198e9105cbbf9ce0"
dependencies = [
 "bytes",
 "itoa",
]

[[package]]
name = "indexmap"
version = "2.14.0"
source = "registry+https://github.com/rust-lang/crates.io-index"
checksum = "d466e9454f08e4a911e14806c24e16fba1b4c121d1ea474396f396069cf949d9"
dependencies = [
 "equivalent",
 "hashbrown 0.17.1",
]

[[package]]
name = "itertools"
version = "0.15.0"
source = "registry+https://github.com/rust-lang/crates.io-index"
checksum = "8b4baf93f58d4425749ca49a51c50ebab072c5df6994d08fed93541c331481dc"
dependencies = [
 "either",
]

[[package]]
name = "itoa"
version = "1.0.18"
source = "registry+https://github.com/rust-lang/crates.io-index"
checksum = "8f42a60cbdf9a97f5d2305f08a87dc4e09308d1276d28c869c684d7777685682"

[[package]]
name = "js-sys"
version = "0.3.104"
source = "registry+https://github.com/rust-lang/crates.io-index"
checksum = "0e0c1080212aad755ea003d18543e8768dd432c48819efd73a7bf1e39b7a5a3a"
dependencies = [
 "cfg-if",
 "futures-util",
 "wasm-bindgen",
]

[[package]]
name = "libc"
version = "0.2.189"
source = "registry+https://github.com/rust-lang/crates.io-index"
checksum = "3eaf3ede3fee6db1a4c2ee091bf8a8b4dccdc6d17f656fb07896ee72867612f2"

[[package]]
name = "log"
version = "0.4.33"
source = "registry+https://github.com/rust-lang/crates.io-index"
checksum = "0ceec5bc11778974d1bcb055b18002eba7f4b3518b6a0081b3af5f21666da9ad"

[[package]]
name = "memchr"
version = "2.8.3"
source = "registry+https://github.com/rust-lang/crates.io-index"
checksum = "cf8baf1c55e62ffcace7a9f06f4bd9cd3f0c4beb022d3b367256b91b87513d98"

[[package]]
name = "num-traits"
version = "0.2.19"
source = "registry+https://github.com/rust-lang/crates.io-index"
checksum = "071dfc062690e90b734c0b2273ce72ad0ffa95f0c74596bc250dcfd960262841"
dependencies = [
 "autocfg",
]

[[package]]
name = "once_cell"
version = "1.21.4"
source = "registry+https://github.com/rust-lang/crates.io-index"
checksum = "9f7c3e4beb33f85d45ae3e3a1792185706c8e16d043238c593331cc7cd313b50"

[[package]]
name = "percent-encoding"
version = "2.3.2"
source = "registry+https://github.com/rust-lang/crates.io-index"
checksum = "9b4f627cb1b25917193a259e49bdad08f671f8d9708acfd5fe0a8c1455d87220"

[[package]]
name = "pin-project"
version = "1.1.13"
source = "registry+https://github.com/rust-lang/crates.io-index"
checksum = "2466b2336ed02bcdca6b294417127b90ec92038d1d5c4fbeac971a922e0e0924"
dependencies = [
 "pin-project-internal",
]

[[package]]
name = "pin-project-internal"
version = "1.1.13"
source = "registry+https://github.com/rust-lang/crates.io-index"
checksum = "c96395f0a926bc13b1c17622aaddda1ecb55d49c8f1bf9777e4d877800a43f8b"
dependencies = [
 "proc-macro2",
 "quote",
 "syn 2.0.119",
]

[[package]]
name = "pin-project-lite"
version = "0.2.17"
source = "registry+https://github.com/rust-lang/crates.io-index"
checksum = "a89322df9ebe1c1578d689c92318e070967d1042b512afbe49518723f4e6d5cd"

[[package]]
name = "pinned"
version = "0.1.0"
source = "registry+https://github.com/rust-lang/crates.io-index"
checksum = "a829027bd95e54cfe13e3e258a1ae7b645960553fb82b75ff852c29688ee595b"
dependencies = [
 "futures",
 "rustversion",
 "thiserror 1.0.69",
]

[[package]]
name = "ppv-lite86"
version = "0.2.21"
source = "registry+https://github.com/rust-lang/crates.io-index"
checksum = "85eae3c4ed2f50dcfe72643da4befc30deadb458a9b590d720cde2f2b1e97da9"
dependencies = [
 "zerocopy",
]

[[package]]
name = "proc-macro-crate"
version = "3.3.0"
source = "registry+https://github.com/rust-lang/crates.io-index"
checksum = "edce586971a4dfaa28950c6f18ed55e0406c1ab88bbce2c6f6293a7aaba73d35"
dependencies = [
 "toml_edit",
]

[[package]]
name = "proc-macro2"
version = "1.0.107"
source = "registry+https://github.com/rust-lang/crates.io-index"
checksum = "985e7ec9bb745e6ce6535b544d84d6cd6f7ad8bd711c398938ae983b91a766d9"
dependencies = [
 "unicode-ident",
]

[[package]]
name = "ptr_meta"
version = "0.1.4"
source = "registry+https://github.com/rust-lang/crates.io-index"
checksum = "0738ccf7ea06b608c10564b31debd4f5bc5e197fc8bfe088f68ae5ce81e7a4f1"
dependencies = [
 "ptr_meta_derive",
]

[[package]]
name = "ptr_meta_derive"
version = "0.1.4"
source = "registry+https://github.com/rust-lang/crates.io-index"
checksum = "16b845dbfca988fa33db069c0e230574d15a3088f147a87b64c7589eb662c9ac"
dependencies = [
 "proc-macro2",
 "quote",
 "syn 1.0.109",
]

[[package]]
name = "quote"
version = "1.0.47"
source = "registry+https://github.com/rust-lang/crates.io-index"
checksum = "1fbf4db142a473a8d80c26bbf18454ed458bf8d26c8219c331daecfdbd079001"
dependencies = [
 "proc-macro2",
]

[[package]]
name = "r-efi"
version = "6.0.0"
source = "registry+https://github.com/rust-lang/crates.io-index"
checksum = "f8dcc9c7d52a811697d2151c701e0d08956f92b0e24136cf4cf27b57a6a0d9bf"

[[package]]
name = "radium"
version = "0.7.0"
source = "registry+https://github.com/rust-lang/crates.io-index"
checksum = "dc33ff2d4973d518d823d61aa239014831e521c75da58e3df4840d3f47749d09"

[[package]]
name = "rand"
version = "0.8.7"
source = "registry+https://github.com/rust-lang/crates.io-index"
checksum = "22f6172bdec972074665ed81ed53b71da00bfc44b65a753cfde883ec4c702a1a"
dependencies = [
 "libc",
 "rand_chacha",
 "rand_core 0.6.4",
]

[[package]]
name = "rand"
version = "0.10.2"
source = "registry+https://github.com/rust-lang/crates.io-index"
checksum = "c7f5fa3a058cd35567ef9bfa5e75732bee0f9e4c55fa90477bef2dfcdbc4be80"
dependencies = [
 "chacha20",
 "rand_core 0.10.1",
]

[[package]]
name = "rand_chacha"
version = "0.3.1"
source = "registry+https://github.com/rust-lang/crates.io-index"
checksum = "e6c10a63a0fa32252be49d21e7709d4d4baf8d231c2dbce1eaa8141b9b127d88"
dependencies = [
 "ppv-lite86",
 "rand_core 0.6.4",
]

[[package]]
name = "rand_core"
version = "0.6.4"
source = "registry+https://github.com/rust-lang/crates.io-index"
checksum = "ec0be4795e2f6a28069bec0b5ff3e2ac9bafc99e6a9a7dc3547996c5c816922c"
dependencies = [
 "getrandom 0.2.17",
]

[[package]]
name = "rand_core"
version = "0.10.1"
source = "registry+https://github.com/rust-lang/crates.io-index"
checksum = "63b8176103e19a2643978565ca18b50549f6101881c443590420e4dc998a3c69"

[[package]]
name = "rend"
version = "0.4.2"
source = "registry+https://github.com/rust-lang/crates.io-index"
checksum = "71fe3824f5629716b1589be05dacd749f6aa084c87e00e016714a8cdfccc997c"
dependencies = [
 "bytecheck",
]

[[package]]
name = "rkyv"
version = "0.7.46"
source = "registry+https://github.com/rust-lang/crates.io-index"
checksum = "2297bf9c81a3f0dc96bc9521370b88f054168c29826a75e89c55ff196e7ed6a1"
dependencies = [
 "bitvec",
 "bytecheck",
 "bytes",
 "hashbrown 0.12.3",
 "ptr_meta",
 "rend",
 "rkyv_derive",
 "seahash",
 "tinyvec",
 "uuid",
]

[[package]]
name = "rkyv_derive"
version = "0.7.46"
source = "registry+https://github.com/rust-lang/crates.io-index"
checksum = "84d7b42d4b8d06048d3ac8db0eb31bcb942cbeb709f0b5f2b2ebde398d3038f5"
dependencies = [
 "proc-macro2",
 "quote",
 "syn 1.0.109",
]

[[package]]
name = "rust_decimal"
version = "1.42.1"
source = "registry+https://github.com/rust-lang/crates.io-index"
checksum = "be2a24f50780bc85f09cc6ac299bdf1424302742d77221106859c9d8b102126a"
dependencies = [
 "arrayvec",
 "borsh",
 "bytes",
 "num-traits",
 "rand 0.8.7",
 "rkyv",
 "serde",
 "serde_json",
 "wasm-bindgen",
]

[[package]]
name = "rustversion"
version = "1.0.23"
source = "registry+https://github.com/rust-lang/crates.io-index"
checksum = "cf54715a573b99ac80df0bc206da022bcd442c974952c7b9720069370852e21f"

[[package]]
name = "ryu"
version = "1.0.23"
source = "registry+https://github.com/rust-lang/crates.io-index"
checksum = "9774ba4a74de5f7b1c1451ed6cd5285a32eddb5cccb8cc655a4e50009e06477f"

[[package]]
name = "seahash"
version = "4.1.0"
source = "registry+https://github.com/rust-lang/crates.io-index"
checksum = "1c107b6f4780854c8b126e228ea8869f4d7b71260f962fefb57b996b8959ba6b"

[[package]]
name = "serde"
version = "1.0.229"
source = "registry+https://github.com/rust-lang/crates.io-index"
checksum = "4148590afebada386688f18773da617792bf2ef03ffc1e4cbd2b1d45b023e0ba"
dependencies = [
 "serde_core",
 "serde_derive",
]

[[package]]
name = "serde-wasm-bindgen"
version = "0.6.5"
source = "registry+https://github.com/rust-lang/crates.io-index"
checksum = "8302e169f0eddcc139c70f139d19d6467353af16f9fce27e8c30158036a1e16b"
dependencies = [
 "js-sys",
 "serde",
 "wasm-bindgen",
]

[[package]]
name = "serde_core"
version = "1.0.229"
source = "registry+https://github.com/rust-lang/crates.io-index"
checksum = "67dca2c9c51e58a4791a4b1ed58308b39c64224d349a935ab5039aa360942a48"
dependencies = [
 "serde_derive",
]

[[package]]
name = "serde_derive"
version = "1.0.229"
source = "registry+https://github.com/rust-lang/crates.io-index"
checksum = "e7a5d71263a5a7d47b41f6b3f06ba276f10cc18b0931f1799f710578e2309348"
dependencies = [
 "proc-macro2",
 "quote",
 "syn 3.0.3",
]

[[package]]
name = "serde_json"
version = "1.0.151"
source = "registry+https://github.com/rust-lang/crates.io-index"
checksum = "c841b55ecdae098c80dcae9cf767f6f8a0c2cdb3416bbef72181df4d0fe73f14"
dependencies = [
 "itoa",
 "memchr",
 "serde",
 "serde_core",
 "zmij",
]

[[package]]
name = "serde_urlencoded"
version = "0.7.1"
source = "registry+https://github.com/rust-lang/crates.io-index"
checksum = "d3491c14715ca2294c4d6a88f15e84739788c1d030eed8c110436aafdaa2f3fd"
dependencies = [
 "form_urlencoded",
 "itoa",
 "ryu",
 "serde",
]

[[package]]
name = "simdutf8"
version = "0.1.5"
source = "registry+https://github.com/rust-lang/crates.io-index"
checksum = "e3a9fe34e3e7a50316060351f37187a3f546bce95496156754b601a5fa71b76e"

[[package]]
name = "slab"
version = "0.4.12"
source = "registry+https://github.com/rust-lang/crates.io-index"
checksum = "0c790de23124f9ab44544d7ac05d60440adc586479ce501c1d6d7da3cd8c9cf5"

[[package]]
name = "syn"
version = "1.0.109"
source = "registry+https://github.com/rust-lang/crates.io-index"
checksum = "72b64191b275b66ffe2469e8af2c1cfe3bafa67b529ead792a6d0160888b4237"
dependencies = [
 "proc-macro2",
 "quote",
 "unicode-ident",
]

[[package]]
name = "syn"
version = "2.0.119"
source = "registry+https://github.com/rust-lang/crates.io-index"
checksum = "872831b642d1a07999a962a351ed35b955ea2cfc8f3862091e2a240a84f17297"
dependencies = [
 "proc-macro2",
 "quote",
 "unicode-ident",
]

[[package]]
name = "syn"
version = "3.0.3"
source = "registry+https://github.com/rust-lang/crates.io-index"
checksum = "53e9bae58849f64dfa4f5d5ae372c8341f7305f82a3868709269343628b659a3"
dependencies = [
 "proc-macro2",
 "quote",
 "unicode-ident",
]

[[package]]
name = "tap"
version = "1.0.1"
source = "registry+https://github.com/rust-lang/crates.io-index"
checksum = "55937e1799185b12863d447f42597ed69d9928686b8d88a1df17376a097d8369"

[[package]]
name = "thiserror"
version = "1.0.69"
source = "registry+https://github.com/rust-lang/crates.io-index"
checksum = "b6aaf5339b578ea85b50e080feb250a3e8ae8cfcdff9a461c9ec2904bc923f52"
dependencies = [
 "thiserror-impl 1.0.69",
]

[[package]]
name = "thiserror"
version = "2.0.20"
source = "registry+https://github.com/rust-lang/crates.io-index"
checksum = "ec86235f5fcc2a73650310756d2ac5b138a5780bbbdfae3eeccec992c435ba4f"
dependencies = [
 "thiserror-impl 2.0.20",
]

[[package]]
name = "thiserror-impl"
version = "1.0.69"
source = "registry+https://github.com/rust-lang/crates.io-index"
checksum = "4fee6c4efc90059e10f81e6d42c60a18f76588c3d74cb83a0b242a2b6c7504c1"
dependencies = [
 "proc-macro2",
 "quote",
 "syn 2.0.119",
]

[[package]]
name = "thiserror-impl"
version = "2.0.20"
source = "registry+https://github.com/rust-lang/crates.io-index"
checksum = "bc04cd3e1236dd4a98afca4569f2deb3f120e5422a4023be2cb683f8486292af"
dependencies = [
 "proc-macro2",
 "quote",
 "syn 3.0.3",
]

[[package]]
name = "tinyvec"
version = "1.12.0"
source = "registry+https://github.com/rust-lang/crates.io-index"
checksum = "bb4ebadaa0af04fab11ae01eb5f9fdb5f9c5b875506e210e71c07873528baa7f"
dependencies = [
 "tinyvec_macros",
]

[[package]]
name = "tinyvec_macros"
version = "0.1.1"
source = "registry+https://github.com/rust-lang/crates.io-index"
checksum = "1f3ccbac311fea05f86f61904b462b55fb3df8837a366dfc601a0161d0532f20"

[[package]]
name = "toml_datetime"
version = "0.6.11"
source = "registry+https://github.com/rust-lang/crates.io-index"
checksum = "22cddaf88f4fbc13c51aebbf5f8eceb5c7c5a9da2ac40a13519eb5b0a0e8f11c"

[[package]]
name = "toml_edit"
version = "0.22.27"
source = "registry+https://github.com/rust-lang/crates.io-index"
checksum = "41fe8c660ae4257887cf66394862d21dbca4a6ddd26f04a3560410406a2f819a"
dependencies = [
 "indexmap",
 "toml_datetime",
 "winnow",
]

[[package]]
name = "typeid"
version = "1.0.3"
source = "registry+https://github.com/rust-lang/crates.io-index"
checksum = "bc7d623258602320d5c55d1bc22793b57daff0ec7efc270ea7d55ce1d5f5471c"

[[package]]
name = "unicode-ident"
version = "1.0.24"
source = "registry+https://github.com/rust-lang/crates.io-index"
checksum = "e6e4313cd5fcd3dad5cafa179702e2b244f760991f45397d14d4ebf38247da75"

[[package]]
name = "uuid"
version = "1.24.0"
source = "registry+https://github.com/rust-lang/crates.io-index"
checksum = "bf3923a6f5c4c6382e0b653c4117f48d631ea17f38ed86e2a828e6f7412f5239"
dependencies = [
 "getrandom 0.4.3",
 "js-sys",
 "wasm-bindgen",
]

[[package]]
name = "version_check"
version = "0.9.5"
source = "registry+https://github.com/rust-lang/crates.io-index"
checksum = "0b928f33d975fc6ad9f86c8f283853ad26bdd5b10b7f1542aa2fa15e2289105a"

[[package]]
name = "wasi"
version = "0.11.1+wasi-snapshot-preview1"
source = "registry+https://github.com/rust-lang/crates.io-index"
checksum = "ccf3ec651a847eb01de73ccad15eb7d99f80485de043efb2f370cd654f4ea44b"

[[package]]
name = "wasm-bindgen"
version = "0.2.127"
source = "registry+https://github.com/rust-lang/crates.io-index"
checksum = "1b70935747edd64d89de3efa29d73789b806c15798f8e7dca4d8ac356b50ce70"
dependencies = [
 "cfg-if",
 "once_cell",
 "rustversion",
 "serde",
 "serde_json",
 "wasm-bindgen-macro",
 "wasm-bindgen-shared",
]

[[package]]
name = "wasm-bindgen-futures"
version = "0.4.77"
source = "registry+https://github.com/rust-lang/crates.io-index"
checksum = "6b7777d5cc23d0e91404e53ce2d5e8ec7acae3026b16233dba62cd3246457950"
dependencies = [
 "js-sys",
 "wasm-bindgen",
]

[[package]]
name = "wasm-bindgen-macro"
version = "0.2.127"
source = "registry+https://github.com/rust-lang/crates.io-index"
checksum = "77775f8f3f7217702089053b94958f8f54061a3f663417df76e19cbdcca29bc1"
dependencies = [
 "quote",
 "wasm-bindgen-macro-support",
]

[[package]]
name = "wasm-bindgen-macro-support"
version = "0.2.127"
source = "registry+https://github.com/rust-lang/crates.io-index"
checksum = "e11d33f857dc2fb11b8bc75aee111aa9cbeb12cd9f25efd3d4c2a3dd4e235284"
dependencies = [
 "bumpalo",
 "proc-macro2",
 "quote",
 "syn 2.0.119",
 "wasm-bindgen-shared",
]

[[package]]
name = "wasm-bindgen-shared"
version = "0.2.127"
source = "registry+https://github.com/rust-lang/crates.io-index"
checksum = "7ef64dbcc55df09c7e5a46182d181c2cfa3e925f3da937ea764728b4bbb9dcbf"
dependencies = [
 "unicode-ident",
]

[[package]]
name = "web-sys"
version = "0.3.104"
source = "registry+https://github.com/rust-lang/crates.io-index"
checksum = "c435338968042f4f59a557f690a253676d47ce13ceb55d70100e7facf6620a30"
dependencies = [
 "js-sys",
 "wasm-bindgen",
]

[[package]]
name = "winnow"
version = "0.7.15"
source = "registry+https://github.com/rust-lang/crates.io-index"
checksum = "df79d97927682d2fd8adb29682d1140b343be4ac0f08fd68b7765d9c059d3945"
dependencies = [
 "memchr",
]

[[package]]
name = "worxide"
version = "0.0.6"
source = "registry+https://github.com/rust-lang/crates.io-index"
checksum = "f044d1fe25ccf844bf8a4c4a40aa1ed633551f046fcdf4e730d07f46181ac5de"
dependencies = [
 "anyhow",
 "js-sys",
 "wasm-bindgen",
 "wasm-bindgen-futures",
 "web-sys",
]

[[package]]
name = "wyz"
version = "0.5.1"
source = "registry+https://github.com/rust-lang/crates.io-index"
checksum = "05f360fc0b24296329c78fda852a1e9ae82de9cf7b27dae4b7f62f118f77b9ed"
dependencies = [
 "tap",
]

[[package]]
name = "zerocopy"
version = "0.8.56"
source = "registry+https://github.com/rust-lang/crates.io-index"
checksum = "556764e583adb45a9f8d413c2a147fa7e8d821e48e12b14fd560b607998b75eb"
dependencies = [
 "zerocopy-derive",
]

[[package]]
name = "zerocopy-derive"
version = "0.8.56"
source = "registry+https://github.com/rust-lang/crates.io-index"
checksum = "f2ab42fc20575779bd240faa45f94a74256f755c0fa9e89f0ede20d91d0cdfc1"
dependencies = [
 "proc-macro2",
 "quote",
 "syn 2.0.119",
]

[[package]]
name = "zmij"
version = "1.0.23"
source = "registry+https://github.com/rust-lang/crates.io-index"
checksum = "29666d0abbfad1e3dc4dcf6144730dd3a3ab225bbbdac83319345b1b44ccfc1b"
